// !$*UTF8*$!
{
	archiveVersion = 1;
	classes = {
	};
	objectVersion = 55;
	objects = {

/* Begin PBXBuildFile section */
		50062EC728ED79A500C44954 /* Assets.xcassets in Resources */ = {isa = PBXBuildFile; fileRef = 50062EC628ED79A500C44954 /* Assets.xcassets */; };
		50062EC928ED7BFD00C44954 /* RatingSearchCell.swift in Sources */ = {isa = PBXBuildFile; fileRef = 50062EC828ED7BFD00C44954 /* RatingSearchCell.swift */; };
		501BFEB628EC22A7008335BD /* SeeAllHomeCell.swift in Sources */ = {isa = PBXBuildFile; fileRef = 501BFEB528EC22A7008335BD /* SeeAllHomeCell.swift */; };
		501BFEBA28EC6AFF008335BD /* FilmTableSearchCell.swift in Sources */ = {isa = PBXBuildFile; fileRef = 501BFEB928EC6AFF008335BD /* FilmTableSearchCell.swift */; };
		503FFF1628F3F5B100FDEA55 /* SearchButtonHomeCell.swift in Sources */ = {isa = PBXBuildFile; fileRef = 503FFF1528F3F5B100FDEA55 /* SearchButtonHomeCell.swift */; };
		503FFF1C28F3F75C00FDEA55 /* StaffPicksHomeCell.swift in Sources */ = {isa = PBXBuildFile; fileRef = 503FFF1B28F3F75C00FDEA55 /* StaffPicksHomeCell.swift */; };
		503FFF1E28F3FE1C00FDEA55 /* HeaderHome.swift in Sources */ = {isa = PBXBuildFile; fileRef = 503FFF1D28F3FE1C00FDEA55 /* HeaderHome.swift */; };
		503FFF2128F3FF3B00FDEA55 /* FavoritesHomeCell.swift in Sources */ = {isa = PBXBuildFile; fileRef = 503FFF2028F3FF3B00FDEA55 /* FavoritesHomeCell.swift */; };
		503FFF2828F4082200FDEA55 /* UIImageView.swift in Sources */ = {isa = PBXBuildFile; fileRef = 503FFF2728F4082200FDEA55 /* UIImageView.swift */; };
		503FFF2B28F44C9D00FDEA55 /* FilmDefaults.swift in Sources */ = {isa = PBXBuildFile; fileRef = 503FFF2A28F44C9D00FDEA55 /* FilmDefaults.swift */; };
		5041498228EEC24E00ABD74E /* PlaceHolderTableView.swift in Sources */ = {isa = PBXBuildFile; fileRef = 5041498128EEC24E00ABD74E /* PlaceHolderTableView.swift */; };
		5041498728EF068900ABD74E /* HeaderDetail.swift in Sources */ = {isa = PBXBuildFile; fileRef = 5041498628EF068900ABD74E /* HeaderDetail.swift */; };
		5041498928EF071A00ABD74E /* GenreDetailCell.swift in Sources */ = {isa = PBXBuildFile; fileRef = 5041498828EF071A00ABD74E /* GenreDetailCell.swift */; };
		5041498B28EF075700ABD74E /* PersonDetailCell.swift in Sources */ = {isa = PBXBuildFile; fileRef = 5041498A28EF075700ABD74E /* PersonDetailCell.swift */; };
		5041498D28EF078100ABD74E /* OverviewDetailCell.swift in Sources */ = {isa = PBXBuildFile; fileRef = 5041498C28EF078100ABD74E /* OverviewDetailCell.swift */; };
		5041498F28EF079F00ABD74E /* KeyFactsDetailCell.swift in Sources */ = {isa = PBXBuildFile; fileRef = 5041498E28EF079F00ABD74E /* KeyFactsDetailCell.swift */; };
		5057D0BD28FFD7CA0065BA60 /* Rating.swift in Sources */ = {isa = PBXBuildFile; fileRef = 5057D0BC28FFD7CA0065BA60 /* Rating.swift */; };
		507E40AA28EB15F60001A7BE /* Main.storyboard in Resources */ = {isa = PBXBuildFile; fileRef = 507E40A828EB15F60001A7BE /* Main.storyboard */; };
		507E40AD28EB18CD0001A7BE /* LaunchScreen.storyboard in Resources */ = {isa = PBXBuildFile; fileRef = 507E40AB28EB18CD0001A7BE /* LaunchScreen.storyboard */; };
		50898C8128F6C5A60009A8BD /* UIView.swift in Sources */ = {isa = PBXBuildFile; fileRef = 50898C8028F6C5A60009A8BD /* UIView.swift */; };
		50898C8328F6D7750009A8BD /* PosterDetailCell.swift in Sources */ = {isa = PBXBuildFile; fileRef = 50898C8228F6D7750009A8BD /* PosterDetailCell.swift */; };
		50898C8528F6D82F0009A8BD /* FactsDetailCell.swift in Sources */ = {isa = PBXBuildFile; fileRef = 50898C8428F6D82F0009A8BD /* FactsDetailCell.swift */; };
		75678AF928E84A5D00273F47 /* HomeViewController.swift in Sources */ = {isa = PBXBuildFile; fileRef = 75678AF828E84A5D00273F47 /* HomeViewController.swift */; };
		75678AFB28E860E500273F47 /* SearchViewController.swift in Sources */ = {isa = PBXBuildFile; fileRef = 75678AFA28E860E500273F47 /* SearchViewController.swift */; };
		75678AFD28E8611A00273F47 /* DetailFilmViewController.swift in Sources */ = {isa = PBXBuildFile; fileRef = 75678AFC28E8611A00273F47 /* DetailFilmViewController.swift */; };
		75678AFF28E8969900273F47 /* movies.json in Resources */ = {isa = PBXBuildFile; fileRef = 75678AFE28E8969900273F47 /* movies.json */; };
		75678B0128E896A400273F47 /* staff_picks.json in Resources */ = {isa = PBXBuildFile; fileRef = 75678B0028E896A400273F47 /* staff_picks.json */; };
		75678B0328E8B07200273F47 /* Film.swift in Sources */ = {isa = PBXBuildFile; fileRef = 75678B0228E8B07200273F47 /* Film.swift */; };
		75678B0528E8B12200273F47 /* Person.swift in Sources */ = {isa = PBXBuildFile; fileRef = 75678B0428E8B12200273F47 /* Person.swift */; };
		75678B0B28E8BAC300273F47 /* FilmLoader.swift in Sources */ = {isa = PBXBuildFile; fileRef = 75678B0A28E8BAC300273F47 /* FilmLoader.swift */; };
		75CCE13B28E82CB8008C6BAA /* AppDelegate.swift in Sources */ = {isa = PBXBuildFile; fileRef = 75CCE13A28E82CB8008C6BAA /* AppDelegate.swift */; };
		75CCE13D28E82CB8008C6BAA /* SceneDelegate.swift in Sources */ = {isa = PBXBuildFile; fileRef = 75CCE13C28E82CB8008C6BAA /* SceneDelegate.swift */; };
/* End PBXBuildFile section */

/* Begin PBXFileReference section */
		50062EC628ED79A500C44954 /* Assets.xcassets */ = {isa = PBXFileReference; lastKnownFileType = folder.assetcatalog; path = Assets.xcassets; sourceTree = "<group>"; };
		50062EC828ED7BFD00C44954 /* RatingSearchCell.swift */ = {isa = PBXFileReference; lastKnownFileType = sourcecode.swift; path = RatingSearchCell.swift; sourceTree = "<group>"; };
		501BFEB528EC22A7008335BD /* SeeAllHomeCell.swift */ = {isa = PBXFileReference; lastKnownFileType = sourcecode.swift; path = SeeAllHomeCell.swift; sourceTree = "<group>"; };
		501BFEB928EC6AFF008335BD /* FilmTableSearchCell.swift */ = {isa = PBXFileReference; lastKnownFileType = sourcecode.swift; path = FilmTableSearchCell.swift; sourceTree = "<group>"; };
		503FFF1528F3F5B100FDEA55 /* SearchButtonHomeCell.swift */ = {isa = PBXFileReference; lastKnownFileType = sourcecode.swift; path = SearchButtonHomeCell.swift; sourceTree = "<group>"; };
		503FFF1B28F3F75C00FDEA55 /* StaffPicksHomeCell.swift */ = {isa = PBXFileReference; lastKnownFileType = sourcecode.swift; path = StaffPicksHomeCell.swift; sourceTree = "<group>"; };
		503FFF1D28F3FE1C00FDEA55 /* HeaderHome.swift */ = {isa = PBXFileReference; lastKnownFileType = sourcecode.swift; path = HeaderHome.swift; sourceTree = "<group>"; };
		503FFF2028F3FF3B00FDEA55 /* FavoritesHomeCell.swift */ = {isa = PBXFileReference; lastKnownFileType = sourcecode.swift; path = FavoritesHomeCell.swift; sourceTree = "<group>"; };
		503FFF2728F4082200FDEA55 /* UIImageView.swift */ = {isa = PBXFileReference; lastKnownFileType = sourcecode.swift; path = UIImageView.swift; sourceTree = "<group>"; };
		503FFF2A28F44C9D00FDEA55 /* FilmDefaults.swift */ = {isa = PBXFileReference; lastKnownFileType = sourcecode.swift; path = FilmDefaults.swift; sourceTree = "<group>"; };
		5041498128EEC24E00ABD74E /* PlaceHolderTableView.swift */ = {isa = PBXFileReference; lastKnownFileType = sourcecode.swift; path = PlaceHolderTableView.swift; sourceTree = "<group>"; };
		5041498328EEFB5B00ABD74E /* ToDo.md */ = {isa = PBXFileReference; lastKnownFileType = net.daringfireball.markdown; path = ToDo.md; sourceTree = "<group>"; };
		5041498628EF068900ABD74E /* HeaderDetail.swift */ = {isa = PBXFileReference; lastKnownFileType = sourcecode.swift; path = HeaderDetail.swift; sourceTree = "<group>"; };
		5041498828EF071A00ABD74E /* GenreDetailCell.swift */ = {isa = PBXFileReference; lastKnownFileType = sourcecode.swift; path = GenreDetailCell.swift; sourceTree = "<group>"; };
		5041498A28EF075700ABD74E /* PersonDetailCell.swift */ = {isa = PBXFileReference; lastKnownFileType = sourcecode.swift; path = PersonDetailCell.swift; sourceTree = "<group>"; };
		5041498C28EF078100ABD74E /* OverviewDetailCell.swift */ = {isa = PBXFileReference; lastKnownFileType = sourcecode.swift; path = OverviewDetailCell.swift; sourceTree = "<group>"; };
		5041498E28EF079F00ABD74E /* KeyFactsDetailCell.swift */ = {isa = PBXFileReference; lastKnownFileType = sourcecode.swift; path = KeyFactsDetailCell.swift; sourceTree = "<group>"; };
		5057D0BC28FFD7CA0065BA60 /* Rating.swift */ = {isa = PBXFileReference; lastKnownFileType = sourcecode.swift; path = Rating.swift; sourceTree = "<group>"; };
		507E40A928EB15F60001A7BE /* Base */ = {isa = PBXFileReference; lastKnownFileType = file.storyboard; name = Base; path = Base.lproj/Main.storyboard; sourceTree = "<group>"; };
		507E40AC28EB18CD0001A7BE /* Base */ = {isa = PBXFileReference; lastKnownFileType = file.storyboard; name = Base; path = Base.lproj/LaunchScreen.storyboard; sourceTree = "<group>"; };
		50898C8028F6C5A60009A8BD /* UIView.swift */ = {isa = PBXFileReference; lastKnownFileType = sourcecode.swift; path = UIView.swift; sourceTree = "<group>"; };
		50898C8228F6D7750009A8BD /* PosterDetailCell.swift */ = {isa = PBXFileReference; lastKnownFileType = sourcecode.swift; path = PosterDetailCell.swift; sourceTree = "<group>"; };
		50898C8428F6D82F0009A8BD /* FactsDetailCell.swift */ = {isa = PBXFileReference; lastKnownFileType = sourcecode.swift; path = FactsDetailCell.swift; sourceTree = "<group>"; };
		75678AF828E84A5D00273F47 /* HomeViewController.swift */ = {isa = PBXFileReference; lastKnownFileType = sourcecode.swift; path = HomeViewController.swift; sourceTree = "<group>"; };
		75678AFA28E860E500273F47 /* SearchViewController.swift */ = {isa = PBXFileReference; lastKnownFileType = sourcecode.swift; path = SearchViewController.swift; sourceTree = "<group>"; };
		75678AFC28E8611A00273F47 /* DetailFilmViewController.swift */ = {isa = PBXFileReference; lastKnownFileType = sourcecode.swift; path = DetailFilmViewController.swift; sourceTree = "<group>"; };
		75678AFE28E8969900273F47 /* movies.json */ = {isa = PBXFileReference; fileEncoding = 4; lastKnownFileType = text.json; path = movies.json; sourceTree = "<group>"; };
		75678B0028E896A400273F47 /* staff_picks.json */ = {isa = PBXFileReference; fileEncoding = 4; lastKnownFileType = text.json; path = staff_picks.json; sourceTree = "<group>"; };
		75678B0228E8B07200273F47 /* Film.swift */ = {isa = PBXFileReference; lastKnownFileType = sourcecode.swift; path = Film.swift; sourceTree = "<group>"; };
		75678B0428E8B12200273F47 /* Person.swift */ = {isa = PBXFileReference; lastKnownFileType = sourcecode.swift; path = Person.swift; sourceTree = "<group>"; };
		75678B0A28E8BAC300273F47 /* FilmLoader.swift */ = {isa = PBXFileReference; lastKnownFileType = sourcecode.swift; path = FilmLoader.swift; sourceTree = "<group>"; };
		75CCE13728E82CB8008C6BAA /* Movies.app */ = {isa = PBXFileReference; explicitFileType = wrapper.application; includeInIndex = 0; path = Movies.app; sourceTree = BUILT_PRODUCTS_DIR; };
		75CCE13A28E82CB8008C6BAA /* AppDelegate.swift */ = {isa = PBXFileReference; lastKnownFileType = sourcecode.swift; path = AppDelegate.swift; sourceTree = "<group>"; };
		75CCE13C28E82CB8008C6BAA /* SceneDelegate.swift */ = {isa = PBXFileReference; lastKnownFileType = sourcecode.swift; path = SceneDelegate.swift; sourceTree = "<group>"; };
		75CCE14828E82CBD008C6BAA /* Info.plist */ = {isa = PBXFileReference; lastKnownFileType = text.plist.xml; path = Info.plist; sourceTree = "<group>"; };
/* End PBXFileReference section */

/* Begin PBXFrameworksBuildPhase section */
		75CCE13428E82CB8008C6BAA /* Frameworks */ = {
			isa = PBXFrameworksBuildPhase;
			buildActionMask = 2147483647;
			files = (
			);
			runOnlyForDeploymentPostprocessing = 0;
		};
/* End PBXFrameworksBuildPhase section */

/* Begin PBXGroup section */
		503B418428F7E0A600008DB7 /* UserDefaults */ = {
			isa = PBXGroup;
			children = (
				503FFF2A28F44C9D00FDEA55 /* FilmDefaults.swift */,
			);
			path = UserDefaults;
			sourceTree = "<group>";
		};
		503FFF1F28F3FE6D00FDEA55 /* Detail */ = {
			isa = PBXGroup;
			children = (
				75678AFC28E8611A00273F47 /* DetailFilmViewController.swift */,
				5041498028EEA6C600ABD74E /* Cells */,
			);
			path = Detail;
			sourceTree = "<group>";
		};
		503FFF2228F4001300FDEA55 /* Search */ = {
			isa = PBXGroup;
			children = (
				75678AFA28E860E500273F47 /* SearchViewController.swift */,
				503FFF2928F43F7300FDEA55 /* Cells */,
			);
			path = Search;
			sourceTree = "<group>";
		};
		503FFF2328F4003D00FDEA55 /* Cells */ = {
			isa = PBXGroup;
			children = (
				503FFF1D28F3FE1C00FDEA55 /* HeaderHome.swift */,
				501BFEB528EC22A7008335BD /* SeeAllHomeCell.swift */,
				503FFF1B28F3F75C00FDEA55 /* StaffPicksHomeCell.swift */,
				503FFF1528F3F5B100FDEA55 /* SearchButtonHomeCell.swift */,
				503FFF2028F3FF3B00FDEA55 /* FavoritesHomeCell.swift */,
			);
			path = Cells;
			sourceTree = "<group>";
		};
		503FFF2628F407D400FDEA55 /* Extensions */ = {
			isa = PBXGroup;
			children = (
				50898C8028F6C5A60009A8BD /* UIView.swift */,
				503FFF2728F4082200FDEA55 /* UIImageView.swift */,
			);
			path = Extensions;
			sourceTree = "<group>";
		};
		503FFF2928F43F7300FDEA55 /* Cells */ = {
			isa = PBXGroup;
			children = (
				50062EC828ED7BFD00C44954 /* RatingSearchCell.swift */,
				501BFEB928EC6AFF008335BD /* FilmTableSearchCell.swift */,
			);
			path = Cells;
			sourceTree = "<group>";
		};
		5041498028EEA6C600ABD74E /* Cells */ = {
			isa = PBXGroup;
			children = (
				5041498628EF068900ABD74E /* HeaderDetail.swift */,
				50898C8228F6D7750009A8BD /* PosterDetailCell.swift */,
				50898C8428F6D82F0009A8BD /* FactsDetailCell.swift */,
				5041498828EF071A00ABD74E /* GenreDetailCell.swift */,
				5041498C28EF078100ABD74E /* OverviewDetailCell.swift */,
				5041498A28EF075700ABD74E /* PersonDetailCell.swift */,
				5041498E28EF079F00ABD74E /* KeyFactsDetailCell.swift */,
			);
			path = Cells;
			sourceTree = "<group>";
		};
		75CCE12E28E82CB8008C6BAA = {
			isa = PBXGroup;
			children = (
				75CCE13928E82CB8008C6BAA /* LOOPPROJECT */,
				75CCE13828E82CB8008C6BAA /* Products */,
			);
			sourceTree = "<group>";
		};
		75CCE13828E82CB8008C6BAA /* Products */ = {
			isa = PBXGroup;
			children = (
				75CCE13728E82CB8008C6BAA /* Movies.app */,
			);
			name = Products;
			sourceTree = "<group>";
		};
		75CCE13928E82CB8008C6BAA /* LOOPPROJECT */ = {
			isa = PBXGroup;
			children = (
				507E40A828EB15F60001A7BE /* Main.storyboard */,
				507E40AB28EB18CD0001A7BE /* LaunchScreen.storyboard */,
				75CCE14828E82CBD008C6BAA /* Info.plist */,
				5041498328EEFB5B00ABD74E /* ToDo.md */,
				503FFF2628F407D400FDEA55 /* Extensions */,
				75CCE14F28E8343F008C6BAA /* Core */,
				75CCE15028E8356A008C6BAA /* Home */,
				503FFF1F28F3FE6D00FDEA55 /* Detail */,
				503FFF2228F4001300FDEA55 /* Search */,
				503B418428F7E0A600008DB7 /* UserDefaults */,
				75CCE15128E835D5008C6BAA /* Model */,
				75CCE14E28E83411008C6BAA /* Assets */,
			);
			path = LOOPPROJECT;
			sourceTree = "<group>";
		};
		75CCE14E28E83411008C6BAA /* Assets */ = {
			isa = PBXGroup;
			children = (
				75678AFE28E8969900273F47 /* movies.json */,
				75678B0028E896A400273F47 /* staff_picks.json */,
				50062EC628ED79A500C44954 /* Assets.xcassets */,
			);
			path = Assets;
			sourceTree = "<group>";
		};
		75CCE14F28E8343F008C6BAA /* Core */ = {
			isa = PBXGroup;
			children = (
				75CCE13A28E82CB8008C6BAA /* AppDelegate.swift */,
				75CCE13C28E82CB8008C6BAA /* SceneDelegate.swift */,
			);
			path = Core;
			sourceTree = "<group>";
		};
		75CCE15028E8356A008C6BAA /* Home */ = {
			isa = PBXGroup;
			children = (
				75678AF828E84A5D00273F47 /* HomeViewController.swift */,
				503FFF2328F4003D00FDEA55 /* Cells */,
			);
			path = Home;
			sourceTree = "<group>";
		};
		75CCE15128E835D5008C6BAA /* Model */ = {
			isa = PBXGroup;
			children = (
				75678B0228E8B07200273F47 /* Film.swift */,
				75678B0A28E8BAC300273F47 /* FilmLoader.swift */,
				75678B0428E8B12200273F47 /* Person.swift */,
				5041498128EEC24E00ABD74E /* PlaceHolderTableView.swift */,
				5057D0BC28FFD7CA0065BA60 /* Rating.swift */,
			);
			path = Model;
			sourceTree = "<group>";
		};
/* End PBXGroup section */

/* Begin PBXNativeTarget section */
		75CCE13628E82CB8008C6BAA /* Movies */ = {
			isa = PBXNativeTarget;
			buildConfigurationList = 75CCE14B28E82CBD008C6BAA /* Build configuration list for PBXNativeTarget "Movies" */;
			buildPhases = (
				75CCE13328E82CB8008C6BAA /* Sources */,
				75CCE13428E82CB8008C6BAA /* Frameworks */,
				75CCE13528E82CB8008C6BAA /* Resources */,
			);
			buildRules = (
			);
			dependencies = (
			);
			name = Movies;
			productName = LOOPPROJECT;
			productReference = 75CCE13728E82CB8008C6BAA /* Movies.app */;
			productType = "com.apple.product-type.application";
		};
/* End PBXNativeTarget section */

/* Begin PBXProject section */
		75CCE12F28E82CB8008C6BAA /* Project object */ = {
			isa = PBXProject;
			attributes = {
				BuildIndependentTargetsInParallel = 1;
				LastSwiftUpdateCheck = 1340;
				LastUpgradeCheck = 1340;
				TargetAttributes = {
					75CCE13628E82CB8008C6BAA = {
						CreatedOnToolsVersion = 13.4.1;
					};
				};
			};
			buildConfigurationList = 75CCE13228E82CB8008C6BAA /* Build configuration list for PBXProject "Movies" */;
			compatibilityVersion = "Xcode 13.0";
			developmentRegion = en;
			hasScannedForEncodings = 0;
			knownRegions = (
				en,
				Base,
			);
			mainGroup = 75CCE12E28E82CB8008C6BAA;
			productRefGroup = 75CCE13828E82CB8008C6BAA /* Products */;
			projectDirPath = "";
			projectRoot = "";
			targets = (
				75CCE13628E82CB8008C6BAA /* Movies */,
			);
		};
/* End PBXProject section */

/* Begin PBXResourcesBuildPhase section */
		75CCE13528E82CB8008C6BAA /* Resources */ = {
			isa = PBXResourcesBuildPhase;
			buildActionMask = 2147483647;
			files = (
				75678B0128E896A400273F47 /* staff_picks.json in Resources */,
				507E40AA28EB15F60001A7BE /* Main.storyboard in Resources */,
				75678AFF28E8969900273F47 /* movies.json in Resources */,
				50062EC728ED79A500C44954 /* Assets.xcassets in Resources */,
				507E40AD28EB18CD0001A7BE /* LaunchScreen.storyboard in Resources */,
			);
			runOnlyForDeploymentPostprocessing = 0;
		};
/* End PBXResourcesBuildPhase section */

/* Begin PBXSourcesBuildPhase section */
		75CCE13328E82CB8008C6BAA /* Sources */ = {
			isa = PBXSourcesBuildPhase;
			buildActionMask = 2147483647;
			files = (
				75678AFB28E860E500273F47 /* SearchViewController.swift in Sources */,
				75678B0B28E8BAC300273F47 /* FilmLoader.swift in Sources */,
				50062EC928ED7BFD00C44954 /* RatingSearchCell.swift in Sources */,
				75678AFD28E8611A00273F47 /* DetailFilmViewController.swift in Sources */,
				501BFEB628EC22A7008335BD /* SeeAllHomeCell.swift in Sources */,
				75CCE13B28E82CB8008C6BAA /* AppDelegate.swift in Sources */,
				50898C8528F6D82F0009A8BD /* FactsDetailCell.swift in Sources */,
				5057D0BD28FFD7CA0065BA60 /* Rating.swift in Sources */,
				503FFF1628F3F5B100FDEA55 /* SearchButtonHomeCell.swift in Sources */,
				5041498D28EF078100ABD74E /* OverviewDetailCell.swift in Sources */,
				501BFEBA28EC6AFF008335BD /* FilmTableSearchCell.swift in Sources */,
				5041498F28EF079F00ABD74E /* KeyFactsDetailCell.swift in Sources */,
				5041498228EEC24E00ABD74E /* PlaceHolderTableView.swift in Sources */,
				503FFF2128F3FF3B00FDEA55 /* FavoritesHomeCell.swift in Sources */,
				503FFF2B28F44C9D00FDEA55 /* FilmDefaults.swift in Sources */,
				75CCE13D28E82CB8008C6BAA /* SceneDelegate.swift in Sources */,
				503FFF1C28F3F75C00FDEA55 /* StaffPicksHomeCell.swift in Sources */,
				75678AF928E84A5D00273F47 /* HomeViewController.swift in Sources */,
				50898C8328F6D7750009A8BD /* PosterDetailCell.swift in Sources */,
				503FFF1E28F3FE1C00FDEA55 /* HeaderHome.swift in Sources */,
				5041498B28EF075700ABD74E /* PersonDetailCell.swift in Sources */,
				5041498928EF071A00ABD74E /* GenreDetailCell.swift in Sources */,
				50898C8128F6C5A60009A8BD /* UIView.swift in Sources */,
				503FFF2828F4082200FDEA55 /* UIImageView.swift in Sources */,
				5041498728EF068900ABD74E /* HeaderDetail.swift in Sources */,
				75678B0528E8B12200273F47 /* Person.swift in Sources */,
				75678B0328E8B07200273F47 /* Film.swift in Sources */,
			);
			runOnlyForDeploymentPostprocessing = 0;
		};
/* End PBXSourcesBuildPhase section */

/* Begin PBXVariantGroup section */
		507E40A828EB15F60001A7BE /* Main.storyboard */ = {
			isa = PBXVariantGroup;
			children = (
				507E40A928EB15F60001A7BE /* Base */,
			);
			name = Main.storyboard;
			sourceTree = "<group>";
		};
		507E40AB28EB18CD0001A7BE /* LaunchScreen.storyboard */ = {
			isa = PBXVariantGroup;
			children = (
				507E40AC28EB18CD0001A7BE /* Base */,
			);
			name = LaunchScreen.storyboard;
			sourceTree = "<group>";
		};
/* End PBXVariantGroup section */

/* Begin XCBuildConfiguration section */
		75CCE14928E82CBD008C6BAA /* Debug */ = {
			isa = XCBuildConfiguration;
			buildSettings = {
				ALWAYS_SEARCH_USER_PATHS = NO;
				CLANG_ANALYZER_NONNULL = YES;
				CLANG_ANALYZER_NUMBER_OBJECT_CONVERSION = YES_AGGRESSIVE;
				CLANG_CXX_LANGUAGE_STANDARD = "gnu++17";
				CLANG_ENABLE_MODULES = YES;
				CLANG_ENABLE_OBJC_ARC = YES;
				CLANG_ENABLE_OBJC_WEAK = YES;
				CLANG_WARN_BLOCK_CAPTURE_AUTORELEASING = YES;
				CLANG_WARN_BOOL_CONVERSION = YES;
				CLANG_WARN_COMMA = YES;
				CLANG_WARN_CONSTANT_CONVERSION = YES;
				CLANG_WARN_DEPRECATED_OBJC_IMPLEMENTATIONS = YES;
				CLANG_WARN_DIRECT_OBJC_ISA_USAGE = YES_ERROR;
				CLANG_WARN_DOCUMENTATION_COMMENTS = YES;
				CLANG_WARN_EMPTY_BODY = YES;
				CLANG_WARN_ENUM_CONVERSION = YES;
				CLANG_WARN_INFINITE_RECURSION = YES;
				CLANG_WARN_INT_CONVERSION = YES;
				CLANG_WARN_NON_LITERAL_NULL_CONVERSION = YES;
				CLANG_WARN_OBJC_IMPLICIT_RETAIN_SELF = YES;
				CLANG_WARN_OBJC_LITERAL_CONVERSION = YES;
				CLANG_WARN_OBJC_ROOT_CLASS = YES_ERROR;
				CLANG_WARN_QUOTED_INCLUDE_IN_FRAMEWORK_HEADER = YES;
				CLANG_WARN_RANGE_LOOP_ANALYSIS = YES;
				CLANG_WARN_STRICT_PROTOTYPES = YES;
				CLANG_WARN_SUSPICIOUS_MOVE = YES;
				CLANG_WARN_UNGUARDED_AVAILABILITY = YES_AGGRESSIVE;
				CLANG_WARN_UNREACHABLE_CODE = YES;
				CLANG_WARN__DUPLICATE_METHOD_MATCH = YES;
				COPY_PHASE_STRIP = NO;
				DEBUG_INFORMATION_FORMAT = dwarf;
				ENABLE_STRICT_OBJC_MSGSEND = YES;
				ENABLE_TESTABILITY = YES;
				GCC_C_LANGUAGE_STANDARD = gnu11;
				GCC_DYNAMIC_NO_PIC = NO;
				GCC_NO_COMMON_BLOCKS = YES;
				GCC_OPTIMIZATION_LEVEL = 0;
				GCC_PREPROCESSOR_DEFINITIONS = (
					"DEBUG=1",
					"$(inherited)",
				);
				GCC_WARN_64_TO_32_BIT_CONVERSION = YES;
				GCC_WARN_ABOUT_RETURN_TYPE = YES_ERROR;
				GCC_WARN_UNDECLARED_SELECTOR = YES;
				GCC_WARN_UNINITIALIZED_AUTOS = YES_AGGRESSIVE;
				GCC_WARN_UNUSED_FUNCTION = YES;
				GCC_WARN_UNUSED_VARIABLE = YES;
				IPHONEOS_DEPLOYMENT_TARGET = 15.5;
				MTL_ENABLE_DEBUG_INFO = INCLUDE_SOURCE;
				MTL_FAST_MATH = YES;
				ONLY_ACTIVE_ARCH = YES;
				SDKROOT = iphoneos;
				SWIFT_ACTIVE_COMPILATION_CONDITIONS = DEBUG;
				SWIFT_OPTIMIZATION_LEVEL = "-Onone";
			};
			name = Debug;
		};
		75CCE14A28E82CBD008C6BAA /* Release */ = {
			isa = XCBuildConfiguration;
			buildSettings = {
				ALWAYS_SEARCH_USER_PATHS = NO;
				CLANG_ANALYZER_NONNULL = YES;
				CLANG_ANALYZER_NUMBER_OBJECT_CONVERSION = YES_AGGRESSIVE;
				CLANG_CXX_LANGUAGE_STANDARD = "gnu++17";
				CLANG_ENABLE_MODULES = YES;
				CLANG_ENABLE_OBJC_ARC = YES;
				CLANG_ENABLE_OBJC_WEAK = YES;
				CLANG_WARN_BLOCK_CAPTURE_AUTORELEASING = YES;
				CLANG_WARN_BOOL_CONVERSION = YES;
				CLANG_WARN_COMMA = YES;
				CLANG_WARN_CONSTANT_CONVERSION = YES;
				CLANG_WARN_DEPRECATED_OBJC_IMPLEMENTATIONS = YES;
				CLANG_WARN_DIRECT_OBJC_ISA_USAGE = YES_ERROR;
				CLANG_WARN_DOCUMENTATION_COMMENTS = YES;
				CLANG_WARN_EMPTY_BODY = YES;
				CLANG_WARN_ENUM_CONVERSION = YES;
				CLANG_WARN_INFINITE_RECURSION = YES;
				CLANG_WARN_INT_CONVERSION = YES;
				CLANG_WARN_NON_LITERAL_NULL_CONVERSION = YES;
				CLANG_WARN_OBJC_IMPLICIT_RETAIN_SELF = YES;
				CLANG_WARN_OBJC_LITERAL_CONVERSION = YES;
				CLANG_WARN_OBJC_ROOT_CLASS = YES_ERROR;
				CLANG_WARN_QUOTED_INCLUDE_IN_FRAMEWORK_HEADER = YES;
				CLANG_WARN_RANGE_LOOP_ANALYSIS = YES;
				CLANG_WARN_STRICT_PROTOTYPES = YES;
				CLANG_WARN_SUSPICIOUS_MOVE = YES;
				CLANG_WARN_UNGUARDED_AVAILABILITY = YES_AGGRESSIVE;
				CLANG_WARN_UNREACHABLE_CODE = YES;
				CLANG_WARN__DUPLICATE_METHOD_MATCH = YES;
				COPY_PHASE_STRIP = NO;
				DEBUG_INFORMATION_FORMAT = "dwarf-with-dsym";
				ENABLE_NS_ASSERTIONS = NO;
				ENABLE_STRICT_OBJC_MSGSEND = YES;
				GCC_C_LANGUAGE_STANDARD = gnu11;
				GCC_NO_COMMON_BLOCKS = YES;
				GCC_WARN_64_TO_32_BIT_CONVERSION = YES;
				GCC_WARN_ABOUT_RETURN_TYPE = YES_ERROR;
				GCC_WARN_UNDECLARED_SELECTOR = YES;
				GCC_WARN_UNINITIALIZED_AUTOS = YES_AGGRESSIVE;
				GCC_WARN_UNUSED_FUNCTION = YES;
				GCC_WARN_UNUSED_VARIABLE = YES;
				IPHONEOS_DEPLOYMENT_TARGET = 15.5;
				MTL_ENABLE_DEBUG_INFO = NO;
				MTL_FAST_MATH = YES;
				SDKROOT = iphoneos;
				SWIFT_COMPILATION_MODE = wholemodule;
				SWIFT_OPTIMIZATION_LEVEL = "-O";
				VALIDATE_PRODUCT = YES;
			};
			name = Release;
		};
		75CCE14C28E82CBD008C6BAA /* Debug */ = {
			isa = XCBuildConfiguration;
			buildSettings = {
				ASSETCATALOG_COMPILER_APPICON_NAME = AppIcon;
				ASSETCATALOG_COMPILER_GLOBAL_ACCENT_COLOR_NAME = AccentColor;
				CODE_SIGN_STYLE = Automatic;
				CURRENT_PROJECT_VERSION = 1;
				DEVELOPMENT_TEAM = 583DHU79KY;
				GENERATE_INFOPLIST_FILE = YES;
				INFOPLIST_FILE = LOOPPROJECT/Info.plist;
				INFOPLIST_KEY_UIApplicationSupportsIndirectInputEvents = YES;
				INFOPLIST_KEY_UILaunchStoryboardName = LaunchScreen;
				INFOPLIST_KEY_UIMainStoryboardFile = Main;
				INFOPLIST_KEY_UISupportedInterfaceOrientations_iPad = "UIInterfaceOrientationPortrait UIInterfaceOrientationPortraitUpsideDown UIInterfaceOrientationLandscapeLeft UIInterfaceOrientationLandscapeRight";
				INFOPLIST_KEY_UISupportedInterfaceOrientations_iPhone = "UIInterfaceOrientationPortrait UIInterfaceOrientationLandscapeLeft UIInterfaceOrientationLandscapeRight";
				LD_RUNPATH_SEARCH_PATHS = (
					"$(inherited)",
					"@executable_path/Frameworks",
				);
				MARKETING_VERSION = 1.0;
				PRODUCT_BUNDLE_IDENTIFIER = "moritz.rauscher-icloud.com.LOOPPROJECT";
				PRODUCT_NAME = "$(TARGET_NAME)";
				SWIFT_EMIT_LOC_STRINGS = YES;
				SWIFT_VERSION = 5.0;
				TARGETED_DEVICE_FAMILY = "1,2";
			};
			name = Debug;
		};
		75CCE14D28E82CBD008C6BAA /* Release */ = {
			isa = XCBuildConfiguration;
			buildSettings = {
				ASSETCATALOG_COMPILER_APPICON_NAME = AppIcon;
				ASSETCATALOG_COMPILER_GLOBAL_ACCENT_COLOR_NAME = AccentColor;
				CODE_SIGN_STYLE = Automatic;
				CURRENT_PROJECT_VERSION = 1;
				DEVELOPMENT_TEAM = 583DHU79KY;
				GENERATE_INFOPLIST_FILE = YES;
				INFOPLIST_FILE = LOOPPROJECT/Info.plist;
				INFOPLIST_KEY_UIApplicationSupportsIndirectInputEvents = YES;
				INFOPLIST_KEY_UILaunchStoryboardName = LaunchScreen;
				INFOPLIST_KEY_UIMainStoryboardFile = Main;
				INFOPLIST_KEY_UISupportedInterfaceOrientations_iPad = "UIInterfaceOrientationPortrait UIInterfaceOrientationPortraitUpsideDown UIInterfaceOrientationLandscapeLeft UIInterfaceOrientationLandscapeRight";
				INFOPLIST_KEY_UISupportedInterfaceOrientations_iPhone = "UIInterfaceOrientationPortrait UIInterfaceOrientationLandscapeLeft UIInterfaceOrientationLandscapeRight";
				LD_RUNPATH_SEARCH_PATHS = (
					"$(inherited)",
					"@executable_path/Frameworks",
				);
				MARKETING_VERSION = 1.0;
				PRODUCT_BUNDLE_IDENTIFIER = "moritz.rauscher-icloud.com.LOOPPROJECT";
				PRODUCT_NAME = "$(TARGET_NAME)";
				SWIFT_EMIT_LOC_STRINGS = YES;
				SWIFT_VERSION = 5.0;
				TARGETED_DEVICE_FAMILY = "1,2";
			};
			name = Release;
		};
/* End XCBuildConfiguration section */

/* Begin XCConfigurationList section */
		75CCE13228E82CB8008C6BAA /* Build configuration list for PBXProject "Movies" */ = {
			isa = XCConfigurationList;
			buildConfigurations = (
				75CCE14928E82CBD008C6BAA /* Debug */,
				75CCE14A28E82CBD008C6BAA /* Release */,
			);
			defaultConfigurationIsVisible = 0;
			defaultConfigurationName = Release;
		};
		75CCE14B28E82CBD008C6BAA /* Build configuration list for PBXNativeTarget "Movies" */ = {
			isa = XCConfigurationList;
			buildConfigurations = (
				75CCE14C28E82CBD008C6BAA /* Debug */,
				75CCE14D28E82CBD008C6BAA /* Release */,
			);
			defaultConfigurationIsVisible = 0;
			defaultConfigurationName = Release;
		};
/* End XCConfigurationList section */
	};
	rootObject = 75CCE12F28E82CB8008C6BAA /* Project object */;
}
